
Microsoft Visual Studio Solution File, Format Version 12.00
# Visual Studio 15
VisualStudioVersion = 15.0.28307.539
MinimumVisualStudioVersion = 10.0.40219.1
Project("{FAE04EC0-301F-11D3-BF4B-00C04F79EFBC}") = "微信", "微信\微信.csproj", "{07B589C6-651B-46F4-B55D-1FD18C43D124}"
EndProject
Global
	GlobalSection(SolutionConfigurationPlatforms) = preSolution
		Debug|Any CPU = Debug|Any CPU
		Release|Any CPU = Release|Any CPU
	EndGlobalSection
	GlobalSection(ProjectConfigurationPlatforms) = postSolution
		{07B589C6-651B-46F4-B55D-1FD18C43D124}.Debug|Any CPU.ActiveCfg = Debug|Any CPU
		{07B589C6-651B-46F4-B55D-1FD18C43D124}.Debug|Any CPU.Build.0 = Debug|Any CPU
		{07B589C6-651B-46F4-B55D-1FD18C43D124}.Release|Any CPU.ActiveCfg = Release|Any CPU
		{07B589C6-651B-46F4-B55D-1FD18C43D124}.Release|Any CPU.Build.0 = Release|Any CPU
	EndGlobalSection
	GlobalSection(SolutionProperties) = preSolution
		HideSolutionNode = FALSE
	EndGlobalSection
	GlobalSection(ExtensibilityGlobals) = postSolution
		SolutionGuid = {DAA4D605-C3EA-4803-87F6-C608E5D961D0}
	EndGlobalSection
EndGlobal
