
Microsoft Visual Studio Solution File, Format Version 12.00
# Visual Studio Version 16
VisualStudioVersion = 16.0.29001.49
MinimumVisualStudioVersion = 10.0.40219.1
Project("{FAE04EC0-301F-11D3-BF4B-00C04F79EFBC}") = "myMusic", "myMusic\myMusic.csproj", "{438B5EA8-3C63-460F-B12B-C626865B9789}"
EndProject
Project("{FAE04EC0-301F-11D3-BF4B-00C04F79EFBC}") = "WindowsFormsControlLibrary1", "WindowsFormsControlLibrary1\WindowsFormsControlLibrary1.csproj", "{2747D91B-AE78-47EA-8E66-CFB78F9044D0}"
EndProject
Global
	GlobalSection(SolutionConfigurationPlatforms) = preSolution
		Debug|Any CPU = Debug|Any CPU
		Release|Any CPU = Release|Any CPU
	EndGlobalSection
	GlobalSection(ProjectConfigurationPlatforms) = postSolution
		{438B5EA8-3C63-460F-B12B-C626865B9789}.Debug|Any CPU.ActiveCfg = Debug|Any CPU
		{438B5EA8-3C63-460F-B12B-C626865B9789}.Debug|Any CPU.Build.0 = Debug|Any CPU
		{438B5EA8-3C63-460F-B12B-C626865B9789}.Release|Any CPU.ActiveCfg = Release|Any CPU
		{438B5EA8-3C63-460F-B12B-C626865B9789}.Release|Any CPU.Build.0 = Release|Any CPU
		{2747D91B-AE78-47EA-8E66-CFB78F9044D0}.Debug|Any CPU.ActiveCfg = Debug|Any CPU
		{2747D91B-AE78-47EA-8E66-CFB78F9044D0}.Debug|Any CPU.Build.0 = Debug|Any CPU
		{2747D91B-AE78-47EA-8E66-CFB78F9044D0}.Release|Any CPU.ActiveCfg = Release|Any CPU
		{2747D91B-AE78-47EA-8E66-CFB78F9044D0}.Release|Any CPU.Build.0 = Release|Any CPU
	EndGlobalSection
	GlobalSection(SolutionProperties) = preSolution
		HideSolutionNode = FALSE
	EndGlobalSection
	GlobalSection(ExtensibilityGlobals) = postSolution
		SolutionGuid = {35251FC1-1BBF-49CE-BB0B-AC90A25EF444}
	EndGlobalSection
EndGlobal
