
Microsoft Visual Studio Solution File, Format Version 12.00
# Visual Studio Version 16
VisualStudioVersion = 16.0.29001.49
MinimumVisualStudioVersion = 10.0.40219.1
Project("{FAE04EC0-301F-11D3-BF4B-00C04F79EFBC}") = "仿win10登陆", "仿win10登陆\仿win10登陆.csproj", "{1CFF1616-F539-4B95-8C6E-76D3A25B31FD}"
EndProject
Global
	GlobalSection(SolutionConfigurationPlatforms) = preSolution
		Debug|Any CPU = Debug|Any CPU
		Release|Any CPU = Release|Any CPU
	EndGlobalSection
	GlobalSection(ProjectConfigurationPlatforms) = postSolution
		{1CFF1616-F539-4B95-8C6E-76D3A25B31FD}.Debug|Any CPU.ActiveCfg = Debug|Any CPU
		{1CFF1616-F539-4B95-8C6E-76D3A25B31FD}.Debug|Any CPU.Build.0 = Debug|Any CPU
		{1CFF1616-F539-4B95-8C6E-76D3A25B31FD}.Release|Any CPU.ActiveCfg = Release|Any CPU
		{1CFF1616-F539-4B95-8C6E-76D3A25B31FD}.Release|Any CPU.Build.0 = Release|Any CPU
	EndGlobalSection
	GlobalSection(SolutionProperties) = preSolution
		HideSolutionNode = FALSE
	EndGlobalSection
	GlobalSection(ExtensibilityGlobals) = postSolution
		SolutionGuid = {67B96C3E-D876-482E-A98D-D3F53D80F029}
	EndGlobalSection
EndGlobal
