
Microsoft Visual Studio Solution File, Format Version 12.00
# Visual Studio 15
VisualStudioVersion = 15.0.28307.539
MinimumVisualStudioVersion = 10.0.40219.1
Project("{FAE04EC0-301F-11D3-BF4B-00C04F79EFBC}") = "开机单词", "开机单词\开机单词.csproj", "{97336852-75F4-4AC2-9364-D76FB4D41823}"
EndProject
Global
	GlobalSection(SolutionConfigurationPlatforms) = preSolution
		Debug|Any CPU = Debug|Any CPU
		Release|Any CPU = Release|Any CPU
	EndGlobalSection
	GlobalSection(ProjectConfigurationPlatforms) = postSolution
		{97336852-75F4-4AC2-9364-D76FB4D41823}.Debug|Any CPU.ActiveCfg = Debug|Any CPU
		{97336852-75F4-4AC2-9364-D76FB4D41823}.Debug|Any CPU.Build.0 = Debug|Any CPU
		{97336852-75F4-4AC2-9364-D76FB4D41823}.Release|Any CPU.ActiveCfg = Release|Any CPU
		{97336852-75F4-4AC2-9364-D76FB4D41823}.Release|Any CPU.Build.0 = Release|Any CPU
	EndGlobalSection
	GlobalSection(SolutionProperties) = preSolution
		HideSolutionNode = FALSE
	EndGlobalSection
	GlobalSection(ExtensibilityGlobals) = postSolution
		SolutionGuid = {F26DC3D1-197F-4B85-9F69-A77D4145167E}
	EndGlobalSection
EndGlobal
