
Microsoft Visual Studio Solution File, Format Version 12.00
# Visual Studio Version 16
VisualStudioVersion = 16.0.29102.190
MinimumVisualStudioVersion = 10.0.40219.1
Project("{FAE04EC0-301F-11D3-BF4B-00C04F79EFBC}") = "QQMain", "QQMain\QQMain.csproj", "{18A9F93E-3347-4576-BEFE-22AE80FBD42D}"
EndProject
Project("{FAE04EC0-301F-11D3-BF4B-00C04F79EFBC}") = "WindowsFormsControlLibrary1", "WindowsFormsControlLibrary1\WindowsFormsControlLibrary1.csproj", "{FB36EF60-3397-4720-AA0B-F16C468E5EB0}"
EndProject
Project("{FAE04EC0-301F-11D3-BF4B-00C04F79EFBC}") = "Weather1", "Weather\Weather1.csproj", "{7A9EDDF6-23F0-46C7-8448-20264E2A4DFA}"
EndProject
Global
	GlobalSection(SolutionConfigurationPlatforms) = preSolution
		Debug|Any CPU = Debug|Any CPU
		Release|Any CPU = Release|Any CPU
	EndGlobalSection
	GlobalSection(ProjectConfigurationPlatforms) = postSolution
		{18A9F93E-3347-4576-BEFE-22AE80FBD42D}.Debug|Any CPU.ActiveCfg = Debug|Any CPU
		{18A9F93E-3347-4576-BEFE-22AE80FBD42D}.Debug|Any CPU.Build.0 = Debug|Any CPU
		{18A9F93E-3347-4576-BEFE-22AE80FBD42D}.Release|Any CPU.ActiveCfg = Release|Any CPU
		{18A9F93E-3347-4576-BEFE-22AE80FBD42D}.Release|Any CPU.Build.0 = Release|Any CPU
		{FB36EF60-3397-4720-AA0B-F16C468E5EB0}.Debug|Any CPU.ActiveCfg = Debug|Any CPU
		{FB36EF60-3397-4720-AA0B-F16C468E5EB0}.Debug|Any CPU.Build.0 = Debug|Any CPU
		{FB36EF60-3397-4720-AA0B-F16C468E5EB0}.Release|Any CPU.ActiveCfg = Release|Any CPU
		{FB36EF60-3397-4720-AA0B-F16C468E5EB0}.Release|Any CPU.Build.0 = Release|Any CPU
		{7A9EDDF6-23F0-46C7-8448-20264E2A4DFA}.Debug|Any CPU.ActiveCfg = Debug|Any CPU
		{7A9EDDF6-23F0-46C7-8448-20264E2A4DFA}.Debug|Any CPU.Build.0 = Debug|Any CPU
		{7A9EDDF6-23F0-46C7-8448-20264E2A4DFA}.Release|Any CPU.ActiveCfg = Release|Any CPU
		{7A9EDDF6-23F0-46C7-8448-20264E2A4DFA}.Release|Any CPU.Build.0 = Release|Any CPU
	EndGlobalSection
	GlobalSection(SolutionProperties) = preSolution
		HideSolutionNode = FALSE
	EndGlobalSection
	GlobalSection(ExtensibilityGlobals) = postSolution
		SolutionGuid = {FE1678E3-5852-4E8D-8B02-7D567882E19B}
	EndGlobalSection
EndGlobal
